
Microsoft Visual Studio Solution File, Format Version 12.00
# Visual Studio Version 17
VisualStudioVersion = 17.7.34024.191
MinimumVisualStudioVersion = 10.0.40219.1
Project("{FAE04EC0-301F-11D3-BF4B-00C04F79EFBC}") = "GME1003_A06_Viktor", "GME1003_A06_Viktor.csproj", "{3A2E748F-33FD-423A-86DB-A10EACD316B5}"
EndProject
Global
	GlobalSection(SolutionConfigurationPlatforms) = preSolution
		Debug|Any CPU = Debug|Any CPU
		Release|Any CPU = Release|Any CPU
	EndGlobalSection
	GlobalSection(ProjectConfigurationPlatforms) = postSolution
		{3A2E748F-33FD-423A-86DB-A10EACD316B5}.Debug|Any CPU.ActiveCfg = Debug|Any CPU
		{3A2E748F-33FD-423A-86DB-A10EACD316B5}.Debug|Any CPU.Build.0 = Debug|Any CPU
		{3A2E748F-33FD-423A-86DB-A10EACD316B5}.Release|Any CPU.ActiveCfg = Release|Any CPU
		{3A2E748F-33FD-423A-86DB-A10EACD316B5}.Release|Any CPU.Build.0 = Release|Any CPU
	EndGlobalSection
	GlobalSection(SolutionProperties) = preSolution
		HideSolutionNode = FALSE
	EndGlobalSection
	GlobalSection(ExtensibilityGlobals) = postSolution
		SolutionGuid = {8AFB6211-19DD-441D-8F0A-13F6B2A74664}
	EndGlobalSection
EndGlobal
